
Microsoft Visual Studio Solution File, Format Version 12.00
# Visual Studio 15
VisualStudioVersion = 15.0.26124.0
MinimumVisualStudioVersion = 15.0.26124.0
Project("{FAE04EC0-301F-11D3-BF4B-00C04F79EFBC}") = "Zendbit.Tools", "Zendbit.Tools\Zendbit.Tools.csproj", "{FC84C93B-A64C-48A5-ABAA-39FAFE1921EF}"
EndProject
Project("{FAE04EC0-301F-11D3-BF4B-00C04F79EFBC}") = "TestCase", "TestCase\TestCase.csproj", "{9616ECE3-3ABD-45F8-9758-EEEBB884D212}"
EndProject
Global
	GlobalSection(SolutionConfigurationPlatforms) = preSolution
		Debug|Any CPU = Debug|Any CPU
		Debug|x64 = Debug|x64
		Debug|x86 = Debug|x86
		Release|Any CPU = Release|Any CPU
		Release|x64 = Release|x64
		Release|x86 = Release|x86
	EndGlobalSection
	GlobalSection(SolutionProperties) = preSolution
		HideSolutionNode = FALSE
	EndGlobalSection
	GlobalSection(ProjectConfigurationPlatforms) = postSolution
		{FC84C93B-A64C-48A5-ABAA-39FAFE1921EF}.Debug|Any CPU.ActiveCfg = Debug|Any CPU
		{FC84C93B-A64C-48A5-ABAA-39FAFE1921EF}.Debug|Any CPU.Build.0 = Debug|Any CPU
		{FC84C93B-A64C-48A5-ABAA-39FAFE1921EF}.Debug|x64.ActiveCfg = Debug|Any CPU
		{FC84C93B-A64C-48A5-ABAA-39FAFE1921EF}.Debug|x64.Build.0 = Debug|Any CPU
		{FC84C93B-A64C-48A5-ABAA-39FAFE1921EF}.Debug|x86.ActiveCfg = Debug|Any CPU
		{FC84C93B-A64C-48A5-ABAA-39FAFE1921EF}.Debug|x86.Build.0 = Debug|Any CPU
		{FC84C93B-A64C-48A5-ABAA-39FAFE1921EF}.Release|Any CPU.ActiveCfg = Release|Any CPU
		{FC84C93B-A64C-48A5-ABAA-39FAFE1921EF}.Release|Any CPU.Build.0 = Release|Any CPU
		{FC84C93B-A64C-48A5-ABAA-39FAFE1921EF}.Release|x64.ActiveCfg = Release|Any CPU
		{FC84C93B-A64C-48A5-ABAA-39FAFE1921EF}.Release|x64.Build.0 = Release|Any CPU
		{FC84C93B-A64C-48A5-ABAA-39FAFE1921EF}.Release|x86.ActiveCfg = Release|Any CPU
		{FC84C93B-A64C-48A5-ABAA-39FAFE1921EF}.Release|x86.Build.0 = Release|Any CPU
		{9616ECE3-3ABD-45F8-9758-EEEBB884D212}.Debug|Any CPU.ActiveCfg = Debug|Any CPU
		{9616ECE3-3ABD-45F8-9758-EEEBB884D212}.Debug|Any CPU.Build.0 = Debug|Any CPU
		{9616ECE3-3ABD-45F8-9758-EEEBB884D212}.Debug|x64.ActiveCfg = Debug|Any CPU
		{9616ECE3-3ABD-45F8-9758-EEEBB884D212}.Debug|x64.Build.0 = Debug|Any CPU
		{9616ECE3-3ABD-45F8-9758-EEEBB884D212}.Debug|x86.ActiveCfg = Debug|Any CPU
		{9616ECE3-3ABD-45F8-9758-EEEBB884D212}.Debug|x86.Build.0 = Debug|Any CPU
		{9616ECE3-3ABD-45F8-9758-EEEBB884D212}.Release|Any CPU.ActiveCfg = Release|Any CPU
		{9616ECE3-3ABD-45F8-9758-EEEBB884D212}.Release|Any CPU.Build.0 = Release|Any CPU
		{9616ECE3-3ABD-45F8-9758-EEEBB884D212}.Release|x64.ActiveCfg = Release|Any CPU
		{9616ECE3-3ABD-45F8-9758-EEEBB884D212}.Release|x64.Build.0 = Release|Any CPU
		{9616ECE3-3ABD-45F8-9758-EEEBB884D212}.Release|x86.ActiveCfg = Release|Any CPU
		{9616ECE3-3ABD-45F8-9758-EEEBB884D212}.Release|x86.Build.0 = Release|Any CPU
	EndGlobalSection
EndGlobal
